
Microsoft Visual Studio Solution File, Format Version 12.00
# Visual Studio Version 16
VisualStudioVersion = 16.0.29709.97
MinimumVisualStudioVersion = 10.0.40219.1
Project("{FAE04EC0-301F-11D3-BF4B-00C04F79EFBC}") = "Sum", "Sum.csproj", "{1C077BA3-235D-4F4D-9D6D-F8820C422588}"
EndProject
Global
	GlobalSection(SolutionConfigurationPlatforms) = preSolution
		Debug|Any CPU = Debug|Any CPU
		Release|Any CPU = Release|Any CPU
	EndGlobalSection
	GlobalSection(ProjectConfigurationPlatforms) = postSolution
		{1C077BA3-235D-4F4D-9D6D-F8820C422588}.Debug|Any CPU.ActiveCfg = Debug|Any CPU
		{1C077BA3-235D-4F4D-9D6D-F8820C422588}.Debug|Any CPU.Build.0 = Debug|Any CPU
		{1C077BA3-235D-4F4D-9D6D-F8820C422588}.Release|Any CPU.ActiveCfg = Release|Any CPU
		{1C077BA3-235D-4F4D-9D6D-F8820C422588}.Release|Any CPU.Build.0 = Release|Any CPU
	EndGlobalSection
	GlobalSection(SolutionProperties) = preSolution
		HideSolutionNode = FALSE
	EndGlobalSection
	GlobalSection(ExtensibilityGlobals) = postSolution
		SolutionGuid = {FB39192C-0A8B-4679-9D4B-0D0CA78B3E90}
	EndGlobalSection
EndGlobal
